// !$*UTF8*$!
{
	archiveVersion = 1;
	classes = {
	};
	objectVersion = 50;
	objects = {

/* Begin PBXBuildFile section */
		0FC84D94840C5B66D9BA1905 /* Pods_Gamewiki.framework in Frameworks */ = {isa = PBXBuildFile; fileRef = 856CB0ABC079B2B455E3F3C0 /* Pods_Gamewiki.framework */; };
		2D41FFE126E8C4BA001FEFB5 /* AppDelegate.swift in Sources */ = {isa = PBXBuildFile; fileRef = 2D41FFE026E8C4BA001FEFB5 /* AppDelegate.swift */; };
		2D41FFE326E8C4BA001FEFB5 /* SceneDelegate.swift in Sources */ = {isa = PBXBuildFile; fileRef = 2D41FFE226E8C4BA001FEFB5 /* SceneDelegate.swift */; };
		2D41FFE526E8C4BA001FEFB5 /* ViewController.swift in Sources */ = {isa = PBXBuildFile; fileRef = 2D41FFE426E8C4BA001FEFB5 /* ViewController.swift */; };
		2D41FFE826E8C4BA001FEFB5 /* Main.storyboard in Resources */ = {isa = PBXBuildFile; fileRef = 2D41FFE626E8C4BA001FEFB5 /* Main.storyboard */; };
		2D41FFEA26E8C4BC001FEFB5 /* Assets.xcassets in Resources */ = {isa = PBXBuildFile; fileRef = 2D41FFE926E8C4BC001FEFB5 /* Assets.xcassets */; };
		2D41FFED26E8C4BC001FEFB5 /* LaunchScreen.storyboard in Resources */ = {isa = PBXBuildFile; fileRef = 2D41FFEB26E8C4BC001FEFB5 /* LaunchScreen.storyboard */; };
		2D41FFF826E8CCE8001FEFB5 /* DetailViewController.swift in Sources */ = {isa = PBXBuildFile; fileRef = 2D41FFF726E8CCE8001FEFB5 /* DetailViewController.swift */; };
		2D41FFFB26E8DB0C001FEFB5 /* PressStart2P-Regular.ttf in Resources */ = {isa = PBXBuildFile; fileRef = 2D41FFFA26E8DB0C001FEFB5 /* PressStart2P-Regular.ttf */; };
		2D910C0226F4359800877F11 /* ResultCell.swift in Sources */ = {isa = PBXBuildFile; fileRef = 2D910C0026F4359800877F11 /* ResultCell.swift */; };
		2D910C0326F4359800877F11 /* ResultCell.xib in Resources */ = {isa = PBXBuildFile; fileRef = 2D910C0126F4359800877F11 /* ResultCell.xib */; };
		2D910C0B26F4AC8600877F11 /* Game.swift in Sources */ = {isa = PBXBuildFile; fileRef = 2D910C0A26F4AC8600877F11 /* Game.swift */; };
		2D910C1626F4B66E00877F11 /* HottestCollectionViewCell.swift in Sources */ = {isa = PBXBuildFile; fileRef = 2D910C1426F4B66E00877F11 /* HottestCollectionViewCell.swift */; };
		2D910C1726F4B66E00877F11 /* HottestCollectionViewCell.xib in Resources */ = {isa = PBXBuildFile; fileRef = 2D910C1526F4B66E00877F11 /* HottestCollectionViewCell.xib */; };
		2D910C1926F4B8B600877F11 /* StarsRating.swift in Sources */ = {isa = PBXBuildFile; fileRef = 2D910C1826F4B8B600877F11 /* StarsRating.swift */; };
/* End PBXBuildFile section */

/* Begin PBXFileReference section */
		2D41FFDD26E8C4BA001FEFB5 /* Gamewiki.app */ = {isa = PBXFileReference; explicitFileType = wrapper.application; includeInIndex = 0; path = Gamewiki.app; sourceTree = BUILT_PRODUCTS_DIR; };
		2D41FFE026E8C4BA001FEFB5 /* AppDelegate.swift */ = {isa = PBXFileReference; lastKnownFileType = sourcecode.swift; path = AppDelegate.swift; sourceTree = "<group>"; };
		2D41FFE226E8C4BA001FEFB5 /* SceneDelegate.swift */ = {isa = PBXFileReference; lastKnownFileType = sourcecode.swift; path = SceneDelegate.swift; sourceTree = "<group>"; };
		2D41FFE426E8C4BA001FEFB5 /* ViewController.swift */ = {isa = PBXFileReference; lastKnownFileType = sourcecode.swift; path = ViewController.swift; sourceTree = "<group>"; };
		2D41FFE726E8C4BA001FEFB5 /* Base */ = {isa = PBXFileReference; lastKnownFileType = file.storyboard; name = Base; path = Base.lproj/Main.storyboard; sourceTree = "<group>"; };
		2D41FFE926E8C4BC001FEFB5 /* Assets.xcassets */ = {isa = PBXFileReference; lastKnownFileType = folder.assetcatalog; path = Assets.xcassets; sourceTree = "<group>"; };
		2D41FFEC26E8C4BC001FEFB5 /* Base */ = {isa = PBXFileReference; lastKnownFileType = file.storyboard; name = Base; path = Base.lproj/LaunchScreen.storyboard; sourceTree = "<group>"; };
		2D41FFEE26E8C4BC001FEFB5 /* Info.plist */ = {isa = PBXFileReference; lastKnownFileType = text.plist.xml; path = Info.plist; sourceTree = "<group>"; };
		2D41FFF726E8CCE8001FEFB5 /* DetailViewController.swift */ = {isa = PBXFileReference; lastKnownFileType = sourcecode.swift; path = DetailViewController.swift; sourceTree = "<group>"; };
		2D41FFFA26E8DB0C001FEFB5 /* PressStart2P-Regular.ttf */ = {isa = PBXFileReference; lastKnownFileType = file; path = "PressStart2P-Regular.ttf"; sourceTree = "<group>"; };
		2D910C0026F4359800877F11 /* ResultCell.swift */ = {isa = PBXFileReference; lastKnownFileType = sourcecode.swift; path = ResultCell.swift; sourceTree = "<group>"; };
		2D910C0126F4359800877F11 /* ResultCell.xib */ = {isa = PBXFileReference; lastKnownFileType = file.xib; path = ResultCell.xib; sourceTree = "<group>"; };
		2D910C0A26F4AC8600877F11 /* Game.swift */ = {isa = PBXFileReference; lastKnownFileType = sourcecode.swift; path = Game.swift; sourceTree = "<group>"; };
		2D910C1426F4B66E00877F11 /* HottestCollectionViewCell.swift */ = {isa = PBXFileReference; lastKnownFileType = sourcecode.swift; path = HottestCollectionViewCell.swift; sourceTree = "<group>"; };
		2D910C1526F4B66E00877F11 /* HottestCollectionViewCell.xib */ = {isa = PBXFileReference; lastKnownFileType = file.xib; path = HottestCollectionViewCell.xib; sourceTree = "<group>"; };
		2D910C1826F4B8B600877F11 /* StarsRating.swift */ = {isa = PBXFileReference; lastKnownFileType = sourcecode.swift; path = StarsRating.swift; sourceTree = "<group>"; };
		41B7CD5803954EA1200A0DCB /* Pods-Gamewiki.release.xcconfig */ = {isa = PBXFileReference; includeInIndex = 1; lastKnownFileType = text.xcconfig; name = "Pods-Gamewiki.release.xcconfig"; path = "Target Support Files/Pods-Gamewiki/Pods-Gamewiki.release.xcconfig"; sourceTree = "<group>"; };
		856CB0ABC079B2B455E3F3C0 /* Pods_Gamewiki.framework */ = {isa = PBXFileReference; explicitFileType = wrapper.framework; includeInIndex = 0; path = Pods_Gamewiki.framework; sourceTree = BUILT_PRODUCTS_DIR; };
		E5DB3151C18C29E503DB0923 /* Pods-Gamewiki.debug.xcconfig */ = {isa = PBXFileReference; includeInIndex = 1; lastKnownFileType = text.xcconfig; name = "Pods-Gamewiki.debug.xcconfig"; path = "Target Support Files/Pods-Gamewiki/Pods-Gamewiki.debug.xcconfig"; sourceTree = "<group>"; };
/* End PBXFileReference section */

/* Begin PBXFrameworksBuildPhase section */
		2D41FFDA26E8C4BA001FEFB5 /* Frameworks */ = {
			isa = PBXFrameworksBuildPhase;
			buildActionMask = 2147483647;
			files = (
				0FC84D94840C5B66D9BA1905 /* Pods_Gamewiki.framework in Frameworks */,
			);
			runOnlyForDeploymentPostprocessing = 0;
		};
/* End PBXFrameworksBuildPhase section */

/* Begin PBXGroup section */
		2D41FFD426E8C4BA001FEFB5 = {
			isa = PBXGroup;
			children = (
				2D41FFDF26E8C4BA001FEFB5 /* Gamewiki */,
				2D41FFF926E8DAEA001FEFB5 /* Resources */,
				2D41FFDE26E8C4BA001FEFB5 /* Products */,
				A271340273F6E24389548A32 /* Pods */,
				31AF2A3D1D5A8817506836A6 /* Frameworks */,
			);
			sourceTree = "<group>";
		};
		2D41FFDE26E8C4BA001FEFB5 /* Products */ = {
			isa = PBXGroup;
			children = (
				2D41FFDD26E8C4BA001FEFB5 /* Gamewiki.app */,
			);
			name = Products;
			sourceTree = "<group>";
		};
		2D41FFDF26E8C4BA001FEFB5 /* Gamewiki */ = {
			isa = PBXGroup;
			children = (
				2D41FFE026E8C4BA001FEFB5 /* AppDelegate.swift */,
				2D41FFE226E8C4BA001FEFB5 /* SceneDelegate.swift */,
				2D41FFF626E8C6E5001FEFB5 /* Model */,
				2D41FFF526E8C6CB001FEFB5 /* View */,
				2D41FFF426E8C6C0001FEFB5 /* Controller */,
				2D41FFE926E8C4BC001FEFB5 /* Assets.xcassets */,
				2D41FFEB26E8C4BC001FEFB5 /* LaunchScreen.storyboard */,
				2D41FFEE26E8C4BC001FEFB5 /* Info.plist */,
			);
			path = Gamewiki;
			sourceTree = "<group>";
		};
		2D41FFF426E8C6C0001FEFB5 /* Controller */ = {
			isa = PBXGroup;
			children = (
				2D41FFE426E8C4BA001FEFB5 /* ViewController.swift */,
				2D41FFF726E8CCE8001FEFB5 /* DetailViewController.swift */,
			);
			path = Controller;
			sourceTree = "<group>";
		};
		2D41FFF526E8C6CB001FEFB5 /* View */ = {
			isa = PBXGroup;
			children = (
				2D41FFE626E8C4BA001FEFB5 /* Main.storyboard */,
				2D910C0126F4359800877F11 /* ResultCell.xib */,
				2D910C1526F4B66E00877F11 /* HottestCollectionViewCell.xib */,
				2D910C1426F4B66E00877F11 /* HottestCollectionViewCell.swift */,
				2D910C0026F4359800877F11 /* ResultCell.swift */,
				2D910C1826F4B8B600877F11 /* StarsRating.swift */,
			);
			path = View;
			sourceTree = "<group>";
		};
		2D41FFF626E8C6E5001FEFB5 /* Model */ = {
			isa = PBXGroup;
			children = (
				2D910C0A26F4AC8600877F11 /* Game.swift */,
			);
			path = Model;
			sourceTree = "<group>";
		};
		2D41FFF926E8DAEA001FEFB5 /* Resources */ = {
			isa = PBXGroup;
			children = (
				2D41FFFA26E8DB0C001FEFB5 /* PressStart2P-Regular.ttf */,
			);
			path = Resources;
			sourceTree = "<group>";
		};
		31AF2A3D1D5A8817506836A6 /* Frameworks */ = {
			isa = PBXGroup;
			children = (
				856CB0ABC079B2B455E3F3C0 /* Pods_Gamewiki.framework */,
			);
			name = Frameworks;
			sourceTree = "<group>";
		};
		A271340273F6E24389548A32 /* Pods */ = {
			isa = PBXGroup;
			children = (
				E5DB3151C18C29E503DB0923 /* Pods-Gamewiki.debug.xcconfig */,
				41B7CD5803954EA1200A0DCB /* Pods-Gamewiki.release.xcconfig */,
			);
			path = Pods;
			sourceTree = "<group>";
		};
/* End PBXGroup section */

/* Begin PBXNativeTarget section */
		2D41FFDC26E8C4BA001FEFB5 /* Gamewiki */ = {
			isa = PBXNativeTarget;
			buildConfigurationList = 2D41FFF126E8C4BC001FEFB5 /* Build configuration list for PBXNativeTarget "Gamewiki" */;
			buildPhases = (
				2D41FFFC26E9F24A001FEFB5 /* ShellScript */,
				C8CE6837A20D39D3A63AA270 /* [CP] Check Pods Manifest.lock */,
				2D41FFD926E8C4BA001FEFB5 /* Sources */,
				2D41FFDA26E8C4BA001FEFB5 /* Frameworks */,
				2D41FFDB26E8C4BA001FEFB5 /* Resources */,
			);
			buildRules = (
			);
			dependencies = (
			);
			name = Gamewiki;
			productName = Gamewiki;
			productReference = 2D41FFDD26E8C4BA001FEFB5 /* Gamewiki.app */;
			productType = "com.apple.product-type.application";
		};
/* End PBXNativeTarget section */

/* Begin PBXProject section */
		2D41FFD526E8C4BA001FEFB5 /* Project object */ = {
			isa = PBXProject;
			attributes = {
				LastSwiftUpdateCheck = 1250;
				LastUpgradeCheck = 1250;
				TargetAttributes = {
					2D41FFDC26E8C4BA001FEFB5 = {
						CreatedOnToolsVersion = 12.5.1;
					};
				};
			};
			buildConfigurationList = 2D41FFD826E8C4BA001FEFB5 /* Build configuration list for PBXProject "Gamewiki" */;
			compatibilityVersion = "Xcode 9.3";
			developmentRegion = en;
			hasScannedForEncodings = 0;
			knownRegions = (
				en,
				Base,
			);
			mainGroup = 2D41FFD426E8C4BA001FEFB5;
			productRefGroup = 2D41FFDE26E8C4BA001FEFB5 /* Products */;
			projectDirPath = "";
			projectRoot = "";
			targets = (
				2D41FFDC26E8C4BA001FEFB5 /* Gamewiki */,
			);
		};
/* End PBXProject section */

/* Begin PBXResourcesBuildPhase section */
		2D41FFDB26E8C4BA001FEFB5 /* Resources */ = {
			isa = PBXResourcesBuildPhase;
			buildActionMask = 2147483647;
			files = (
				2D41FFFB26E8DB0C001FEFB5 /* PressStart2P-Regular.ttf in Resources */,
				2D41FFED26E8C4BC001FEFB5 /* LaunchScreen.storyboard in Resources */,
				2D910C1726F4B66E00877F11 /* HottestCollectionViewCell.xib in Resources */,
				2D41FFEA26E8C4BC001FEFB5 /* Assets.xcassets in Resources */,
				2D41FFE826E8C4BA001FEFB5 /* Main.storyboard in Resources */,
				2D910C0326F4359800877F11 /* ResultCell.xib in Resources */,
			);
			runOnlyForDeploymentPostprocessing = 0;
		};
/* End PBXResourcesBuildPhase section */

/* Begin PBXShellScriptBuildPhase section */
		2D41FFFC26E9F24A001FEFB5 /* ShellScript */ = {
			isa = PBXShellScriptBuildPhase;
			buildActionMask = 2147483647;
			files = (
			);
			inputFileListPaths = (
			);
			inputPaths = (
			);
			outputFileListPaths = (
			);
			outputPaths = (
			);
			runOnlyForDeploymentPostprocessing = 0;
			shellPath = /bin/sh;
			shellScript = "\"${PODS_ROOT}/SwiftLint/swiftlint\"\n\n";
		};
		C8CE6837A20D39D3A63AA270 /* [CP] Check Pods Manifest.lock */ = {
			isa = PBXShellScriptBuildPhase;
			buildActionMask = 2147483647;
			files = (
			);
			inputFileListPaths = (
			);
			inputPaths = (
				"${PODS_PODFILE_DIR_PATH}/Podfile.lock",
				"${PODS_ROOT}/Manifest.lock",
			);
			name = "[CP] Check Pods Manifest.lock";
			outputFileListPaths = (
			);
			outputPaths = (
				"$(DERIVED_FILE_DIR)/Pods-Gamewiki-checkManifestLockResult.txt",
			);
			runOnlyForDeploymentPostprocessing = 0;
			shellPath = /bin/sh;
			shellScript = "diff \"${PODS_PODFILE_DIR_PATH}/Podfile.lock\" \"${PODS_ROOT}/Manifest.lock\" > /dev/null\nif [ $? != 0 ] ; then\n    # print error to STDERR\n    echo \"error: The sandbox is not in sync with the Podfile.lock. Run 'pod install' or update your CocoaPods installation.\" >&2\n    exit 1\nfi\n# This output is used by Xcode 'outputs' to avoid re-running this script phase.\necho \"SUCCESS\" > \"${SCRIPT_OUTPUT_FILE_0}\"\n";
			showEnvVarsInLog = 0;
		};
/* End PBXShellScriptBuildPhase section */

/* Begin PBXSourcesBuildPhase section */
		2D41FFD926E8C4BA001FEFB5 /* Sources */ = {
			isa = PBXSourcesBuildPhase;
			buildActionMask = 2147483647;
			files = (
				2D41FFE526E8C4BA001FEFB5 /* ViewController.swift in Sources */,
				2D910C0226F4359800877F11 /* ResultCell.swift in Sources */,
				2D910C1626F4B66E00877F11 /* HottestCollectionViewCell.swift in Sources */,
				2D910C0B26F4AC8600877F11 /* Game.swift in Sources */,
				2D41FFE126E8C4BA001FEFB5 /* AppDelegate.swift in Sources */,
				2D41FFE326E8C4BA001FEFB5 /* SceneDelegate.swift in Sources */,
				2D910C1926F4B8B600877F11 /* StarsRating.swift in Sources */,
				2D41FFF826E8CCE8001FEFB5 /* DetailViewController.swift in Sources */,
			);
			runOnlyForDeploymentPostprocessing = 0;
		};
/* End PBXSourcesBuildPhase section */

/* Begin PBXVariantGroup section */
		2D41FFE626E8C4BA001FEFB5 /* Main.storyboard */ = {
			isa = PBXVariantGroup;
			children = (
				2D41FFE726E8C4BA001FEFB5 /* Base */,
			);
			name = Main.storyboard;
			sourceTree = "<group>";
		};
		2D41FFEB26E8C4BC001FEFB5 /* LaunchScreen.storyboard */ = {
			isa = PBXVariantGroup;
			children = (
				2D41FFEC26E8C4BC001FEFB5 /* Base */,
			);
			name = LaunchScreen.storyboard;
			sourceTree = "<group>";
		};
/* End PBXVariantGroup section */

/* Begin XCBuildConfiguration section */
		2D41FFEF26E8C4BC001FEFB5 /* Debug */ = {
			isa = XCBuildConfiguration;
			buildSettings = {
				ALWAYS_SEARCH_USER_PATHS = NO;
				CLANG_ANALYZER_NONNULL = YES;
				CLANG_ANALYZER_NUMBER_OBJECT_CONVERSION = YES_AGGRESSIVE;
				CLANG_CXX_LANGUAGE_STANDARD = "gnu++14";
				CLANG_CXX_LIBRARY = "libc++";
				CLANG_ENABLE_MODULES = YES;
				CLANG_ENABLE_OBJC_ARC = YES;
				CLANG_ENABLE_OBJC_WEAK = YES;
				CLANG_WARN_BLOCK_CAPTURE_AUTORELEASING = YES;
				CLANG_WARN_BOOL_CONVERSION = YES;
				CLANG_WARN_COMMA = YES;
				CLANG_WARN_CONSTANT_CONVERSION = YES;
				CLANG_WARN_DEPRECATED_OBJC_IMPLEMENTATIONS = YES;
				CLANG_WARN_DIRECT_OBJC_ISA_USAGE = YES_ERROR;
				CLANG_WARN_DOCUMENTATION_COMMENTS = YES;
				CLANG_WARN_EMPTY_BODY = YES;
				CLANG_WARN_ENUM_CONVERSION = YES;
				CLANG_WARN_INFINITE_RECURSION = YES;
				CLANG_WARN_INT_CONVERSION = YES;
				CLANG_WARN_NON_LITERAL_NULL_CONVERSION = YES;
				CLANG_WARN_OBJC_IMPLICIT_RETAIN_SELF = YES;
				CLANG_WARN_OBJC_LITERAL_CONVERSION = YES;
				CLANG_WARN_OBJC_ROOT_CLASS = YES_ERROR;
				CLANG_WARN_QUOTED_INCLUDE_IN_FRAMEWORK_HEADER = YES;
				CLANG_WARN_RANGE_LOOP_ANALYSIS = YES;
				CLANG_WARN_STRICT_PROTOTYPES = YES;
				CLANG_WARN_SUSPICIOUS_MOVE = YES;
				CLANG_WARN_UNGUARDED_AVAILABILITY = YES_AGGRESSIVE;
				CLANG_WARN_UNREACHABLE_CODE = YES;
				CLANG_WARN__DUPLICATE_METHOD_MATCH = YES;
				COPY_PHASE_STRIP = NO;
				DEBUG_INFORMATION_FORMAT = dwarf;
				ENABLE_STRICT_OBJC_MSGSEND = YES;
				ENABLE_TESTABILITY = YES;
				GCC_C_LANGUAGE_STANDARD = gnu11;
				GCC_DYNAMIC_NO_PIC = NO;
				GCC_NO_COMMON_BLOCKS = YES;
				GCC_OPTIMIZATION_LEVEL = 0;
				GCC_PREPROCESSOR_DEFINITIONS = (
					"DEBUG=1",
					"$(inherited)",
				);
				GCC_WARN_64_TO_32_BIT_CONVERSION = YES;
				GCC_WARN_ABOUT_RETURN_TYPE = YES_ERROR;
				GCC_WARN_UNDECLARED_SELECTOR = YES;
				GCC_WARN_UNINITIALIZED_AUTOS = YES_AGGRESSIVE;
				GCC_WARN_UNUSED_FUNCTION = YES;
				GCC_WARN_UNUSED_VARIABLE = YES;
				IPHONEOS_DEPLOYMENT_TARGET = 14.5;
				MTL_ENABLE_DEBUG_INFO = INCLUDE_SOURCE;
				MTL_FAST_MATH = YES;
				ONLY_ACTIVE_ARCH = YES;
				SDKROOT = iphoneos;
				SWIFT_ACTIVE_COMPILATION_CONDITIONS = DEBUG;
				SWIFT_OPTIMIZATION_LEVEL = "-Onone";
			};
			name = Debug;
		};
		2D41FFF026E8C4BC001FEFB5 /* Release */ = {
			isa = XCBuildConfiguration;
			buildSettings = {
				ALWAYS_SEARCH_USER_PATHS = NO;
				CLANG_ANALYZER_NONNULL = YES;
				CLANG_ANALYZER_NUMBER_OBJECT_CONVERSION = YES_AGGRESSIVE;
				CLANG_CXX_LANGUAGE_STANDARD = "gnu++14";
				CLANG_CXX_LIBRARY = "libc++";
				CLANG_ENABLE_MODULES = YES;
				CLANG_ENABLE_OBJC_ARC = YES;
				CLANG_ENABLE_OBJC_WEAK = YES;
				CLANG_WARN_BLOCK_CAPTURE_AUTORELEASING = YES;
				CLANG_WARN_BOOL_CONVERSION = YES;
				CLANG_WARN_COMMA = YES;
				CLANG_WARN_CONSTANT_CONVERSION = YES;
				CLANG_WARN_DEPRECATED_OBJC_IMPLEMENTATIONS = YES;
				CLANG_WARN_DIRECT_OBJC_ISA_USAGE = YES_ERROR;
				CLANG_WARN_DOCUMENTATION_COMMENTS = YES;
				CLANG_WARN_EMPTY_BODY = YES;
				CLANG_WARN_ENUM_CONVERSION = YES;
				CLANG_WARN_INFINITE_RECURSION = YES;
				CLANG_WARN_INT_CONVERSION = YES;
				CLANG_WARN_NON_LITERAL_NULL_CONVERSION = YES;
				CLANG_WARN_OBJC_IMPLICIT_RETAIN_SELF = YES;
				CLANG_WARN_OBJC_LITERAL_CONVERSION = YES;
				CLANG_WARN_OBJC_ROOT_CLASS = YES_ERROR;
				CLANG_WARN_QUOTED_INCLUDE_IN_FRAMEWORK_HEADER = YES;
				CLANG_WARN_RANGE_LOOP_ANALYSIS = YES;
				CLANG_WARN_STRICT_PROTOTYPES = YES;
				CLANG_WARN_SUSPICIOUS_MOVE = YES;
				CLANG_WARN_UNGUARDED_AVAILABILITY = YES_AGGRESSIVE;
				CLANG_WARN_UNREACHABLE_CODE = YES;
				CLANG_WARN__DUPLICATE_METHOD_MATCH = YES;
				COPY_PHASE_STRIP = NO;
				DEBUG_INFORMATION_FORMAT = "dwarf-with-dsym";
				ENABLE_NS_ASSERTIONS = NO;
				ENABLE_STRICT_OBJC_MSGSEND = YES;
				GCC_C_LANGUAGE_STANDARD = gnu11;
				GCC_NO_COMMON_BLOCKS = YES;
				GCC_WARN_64_TO_32_BIT_CONVERSION = YES;
				GCC_WARN_ABOUT_RETURN_TYPE = YES_ERROR;
				GCC_WARN_UNDECLARED_SELECTOR = YES;
				GCC_WARN_UNINITIALIZED_AUTOS = YES_AGGRESSIVE;
				GCC_WARN_UNUSED_FUNCTION = YES;
				GCC_WARN_UNUSED_VARIABLE = YES;
				IPHONEOS_DEPLOYMENT_TARGET = 14.5;
				MTL_ENABLE_DEBUG_INFO = NO;
				MTL_FAST_MATH = YES;
				SDKROOT = iphoneos;
				SWIFT_COMPILATION_MODE = wholemodule;
				SWIFT_OPTIMIZATION_LEVEL = "-O";
				VALIDATE_PRODUCT = YES;
			};
			name = Release;
		};
		2D41FFF226E8C4BC001FEFB5 /* Debug */ = {
			isa = XCBuildConfiguration;
			baseConfigurationReference = E5DB3151C18C29E503DB0923 /* Pods-Gamewiki.debug.xcconfig */;
			buildSettings = {
				ASSETCATALOG_COMPILER_APPICON_NAME = AppIcon;
				ASSETCATALOG_COMPILER_GLOBAL_ACCENT_COLOR_NAME = AccentColor;
				CODE_SIGN_STYLE = Automatic;
				DEVELOPMENT_TEAM = H9PJ7U2A6K;
				INFOPLIST_FILE = Gamewiki/Info.plist;
				LD_RUNPATH_SEARCH_PATHS = (
					"$(inherited)",
					"@executable_path/Frameworks",
				);
				PRODUCT_BUNDLE_IDENTIFIER = com.ashidiqi.Gamewiki;
				PRODUCT_NAME = "$(TARGET_NAME)";
				SWIFT_VERSION = 5.0;
				TARGETED_DEVICE_FAMILY = 1;
			};
			name = Debug;
		};
		2D41FFF326E8C4BC001FEFB5 /* Release */ = {
			isa = XCBuildConfiguration;
			baseConfigurationReference = 41B7CD5803954EA1200A0DCB /* Pods-Gamewiki.release.xcconfig */;
			buildSettings = {
				ASSETCATALOG_COMPILER_APPICON_NAME = AppIcon;
				ASSETCATALOG_COMPILER_GLOBAL_ACCENT_COLOR_NAME = AccentColor;
				CODE_SIGN_STYLE = Automatic;
				DEVELOPMENT_TEAM = H9PJ7U2A6K;
				INFOPLIST_FILE = Gamewiki/Info.plist;
				LD_RUNPATH_SEARCH_PATHS = (
					"$(inherited)",
					"@executable_path/Frameworks",
				);
				PRODUCT_BUNDLE_IDENTIFIER = com.ashidiqi.Gamewiki;
				PRODUCT_NAME = "$(TARGET_NAME)";
				SWIFT_VERSION = 5.0;
				TARGETED_DEVICE_FAMILY = 1;
			};
			name = Release;
		};
/* End XCBuildConfiguration section */

/* Begin XCConfigurationList section */
		2D41FFD826E8C4BA001FEFB5 /* Build configuration list for PBXProject "Gamewiki" */ = {
			isa = XCConfigurationList;
			buildConfigurations = (
				2D41FFEF26E8C4BC001FEFB5 /* Debug */,
				2D41FFF026E8C4BC001FEFB5 /* Release */,
			);
			defaultConfigurationIsVisible = 0;
			defaultConfigurationName = Release;
		};
		2D41FFF126E8C4BC001FEFB5 /* Build configuration list for PBXNativeTarget "Gamewiki" */ = {
			isa = XCConfigurationList;
			buildConfigurations = (
				2D41FFF226E8C4BC001FEFB5 /* Debug */,
				2D41FFF326E8C4BC001FEFB5 /* Release */,
			);
			defaultConfigurationIsVisible = 0;
			defaultConfigurationName = Release;
		};
/* End XCConfigurationList section */
	};
	rootObject = 2D41FFD526E8C4BA001FEFB5 /* Project object */;
}
